
Microsoft Visual Studio Solution File, Format Version 12.00
# Visual Studio Version 17
VisualStudioVersion = 17.5.002.0
MinimumVisualStudioVersion = 10.0.40219.1
Project("{9A19103F-16F7-4668-BE54-9A1E7A4F7556}") = "BOOTCAMP-Fullstack xp inc", "BOOTCAMP-Fullstack xp inc.csproj", "{5602AF7B-A182-4BFE-B275-0D16D7E045FB}"
EndProject
Global
	GlobalSection(SolutionConfigurationPlatforms) = preSolution
		Debug|Any CPU = Debug|Any CPU
		Release|Any CPU = Release|Any CPU
	EndGlobalSection
	GlobalSection(ProjectConfigurationPlatforms) = postSolution
		{5602AF7B-A182-4BFE-B275-0D16D7E045FB}.Debug|Any CPU.ActiveCfg = Debug|Any CPU
		{5602AF7B-A182-4BFE-B275-0D16D7E045FB}.Debug|Any CPU.Build.0 = Debug|Any CPU
		{5602AF7B-A182-4BFE-B275-0D16D7E045FB}.Release|Any CPU.ActiveCfg = Release|Any CPU
		{5602AF7B-A182-4BFE-B275-0D16D7E045FB}.Release|Any CPU.Build.0 = Release|Any CPU
	EndGlobalSection
	GlobalSection(SolutionProperties) = preSolution
		HideSolutionNode = FALSE
	EndGlobalSection
	GlobalSection(ExtensibilityGlobals) = postSolution
		SolutionGuid = {1EAD5EAD-6351-41FE-8856-6F25B5654107}
	EndGlobalSection
EndGlobal
